// !$*UTF8*$!
{
	archiveVersion = 1;
	classes = {
	};
	objectVersion = 46;
	objects = {

/* Begin PBXBuildFile section */
		452A54991BAA4D8800C019F1 /* PuzzleBlockItem.m in Sources */ = {isa = PBXBuildFile; fileRef = 452A54981BAA4D8800C019F1 /* PuzzleBlockItem.m */; };
		45C13B3F1BA9B39E00F53D22 /* main.m in Sources */ = {isa = PBXBuildFile; fileRef = 45C13B3E1BA9B39E00F53D22 /* main.m */; };
		45C13B451BA9B39E00F53D22 /* MainViewController.m in Sources */ = {isa = PBXBuildFile; fileRef = 45C13B441BA9B39E00F53D22 /* MainViewController.m */; };
		45C13B481BA9B39E00F53D22 /* Main.storyboard in Resources */ = {isa = PBXBuildFile; fileRef = 45C13B461BA9B39E00F53D22 /* Main.storyboard */; };
		45C13B591BA9B39E00F53D22 /* ____Tests.m in Sources */ = {isa = PBXBuildFile; fileRef = 45C13B581BA9B39E00F53D22 /* ____Tests.m */; };
		CF1C2CB41C942C5E00E6F216 /* gradeModel.m in Sources */ = {isa = PBXBuildFile; fileRef = CF1C2CB31C942C5E00E6F216 /* gradeModel.m */; };
		CF1EC7D51CC8B1B700D7977F /* AppDelegate.m in Sources */ = {isa = PBXBuildFile; fileRef = CF1EC7D41CC8B1B700D7977F /* AppDelegate.m */; };
		CF845F4C1CD2153600C8E070 /* PuzzleItemCtrlModel.m in Sources */ = {isa = PBXBuildFile; fileRef = CF845F4B1CD2153600C8E070 /* PuzzleItemCtrlModel.m */; };
		CF845F691CD231C200C8E070 /* MJExtensionConst.m in Sources */ = {isa = PBXBuildFile; fileRef = CF845F561CD231C200C8E070 /* MJExtensionConst.m */; };
		CF845F6A1CD231C200C8E070 /* MJFoundation.m in Sources */ = {isa = PBXBuildFile; fileRef = CF845F581CD231C200C8E070 /* MJFoundation.m */; };
		CF845F6B1CD231C200C8E070 /* MJProperty.m in Sources */ = {isa = PBXBuildFile; fileRef = CF845F5A1CD231C200C8E070 /* MJProperty.m */; };
		CF845F6C1CD231C200C8E070 /* MJPropertyKey.m in Sources */ = {isa = PBXBuildFile; fileRef = CF845F5C1CD231C200C8E070 /* MJPropertyKey.m */; };
		CF845F6D1CD231C200C8E070 /* MJPropertyType.m in Sources */ = {isa = PBXBuildFile; fileRef = CF845F5E1CD231C200C8E070 /* MJPropertyType.m */; };
		CF845F6E1CD231C200C8E070 /* NSObject+MJClass.m in Sources */ = {isa = PBXBuildFile; fileRef = CF845F601CD231C200C8E070 /* NSObject+MJClass.m */; };
		CF845F6F1CD231C200C8E070 /* NSObject+MJCoding.m in Sources */ = {isa = PBXBuildFile; fileRef = CF845F621CD231C200C8E070 /* NSObject+MJCoding.m */; };
		CF845F701CD231C200C8E070 /* NSObject+MJKeyValue.m in Sources */ = {isa = PBXBuildFile; fileRef = CF845F641CD231C200C8E070 /* NSObject+MJKeyValue.m */; };
		CF845F711CD231C200C8E070 /* NSObject+MJProperty.m in Sources */ = {isa = PBXBuildFile; fileRef = CF845F661CD231C200C8E070 /* NSObject+MJProperty.m */; };
		CF845F721CD231C200C8E070 /* NSString+MJExtension.m in Sources */ = {isa = PBXBuildFile; fileRef = CF845F681CD231C200C8E070 /* NSString+MJExtension.m */; };
		CFA290D11CBFB06C00F1A1BE /* gradeViewController.m in Sources */ = {isa = PBXBuildFile; fileRef = CFA290D01CBFB06C00F1A1BE /* gradeViewController.m */; };
		CFA7042C1CD31E6F00B08403 /* PuzzleTools.m in Sources */ = {isa = PBXBuildFile; fileRef = CFA7042B1CD31E6F00B08403 /* PuzzleTools.m */; };
/* End PBXBuildFile section */

/* Begin PBXContainerItemProxy section */
		45C13B531BA9B39E00F53D22 /* PBXContainerItemProxy */ = {
			isa = PBXContainerItemProxy;
			containerPortal = 45C13B311BA9B39E00F53D22 /* Project object */;
			proxyType = 1;
			remoteGlobalIDString = 45C13B381BA9B39E00F53D22;
			remoteInfo = "智能拼图";
		};
/* End PBXContainerItemProxy section */

/* Begin PBXFileReference section */
		452A54971BAA4D8800C019F1 /* PuzzleBlockItem.h */ = {isa = PBXFileReference; fileEncoding = 4; lastKnownFileType = sourcecode.c.h; path = PuzzleBlockItem.h; sourceTree = "<group>"; };
		452A54981BAA4D8800C019F1 /* PuzzleBlockItem.m */ = {isa = PBXFileReference; fileEncoding = 4; lastKnownFileType = sourcecode.c.objc; path = PuzzleBlockItem.m; sourceTree = "<group>"; };
		45C13B391BA9B39E00F53D22 /* 智能拼图.app */ = {isa = PBXFileReference; explicitFileType = wrapper.application; includeInIndex = 0; path = "智能拼图.app"; sourceTree = BUILT_PRODUCTS_DIR; };
		45C13B3D1BA9B39E00F53D22 /* Info.plist */ = {isa = PBXFileReference; lastKnownFileType = text.plist.xml; path = Info.plist; sourceTree = "<group>"; };
		45C13B3E1BA9B39E00F53D22 /* main.m */ = {isa = PBXFileReference; lastKnownFileType = sourcecode.c.objc; path = main.m; sourceTree = "<group>"; };
		45C13B431BA9B39E00F53D22 /* MainViewController.h */ = {isa = PBXFileReference; lastKnownFileType = sourcecode.c.h; path = MainViewController.h; sourceTree = "<group>"; };
		45C13B441BA9B39E00F53D22 /* MainViewController.m */ = {isa = PBXFileReference; lastKnownFileType = sourcecode.c.objc; path = MainViewController.m; sourceTree = "<group>"; };
		45C13B471BA9B39E00F53D22 /* Base */ = {isa = PBXFileReference; lastKnownFileType = file.storyboard; name = Base; path = Base.lproj/Main.storyboard; sourceTree = "<group>"; };
		45C13B521BA9B39E00F53D22 /* 智能拼图Tests.xctest */ = {isa = PBXFileReference; explicitFileType = wrapper.cfbundle; includeInIndex = 0; path = "智能拼图Tests.xctest"; sourceTree = BUILT_PRODUCTS_DIR; };
		45C13B571BA9B39E00F53D22 /* Info.plist */ = {isa = PBXFileReference; lastKnownFileType = text.plist.xml; path = Info.plist; sourceTree = "<group>"; };
		45C13B581BA9B39E00F53D22 /* ____Tests.m */ = {isa = PBXFileReference; lastKnownFileType = sourcecode.c.objc; path = "____Tests.m"; sourceTree = "<group>"; };
		CF1C2CB21C942C5E00E6F216 /* gradeModel.h */ = {isa = PBXFileReference; fileEncoding = 4; lastKnownFileType = sourcecode.c.h; path = gradeModel.h; sourceTree = "<group>"; };
		CF1C2CB31C942C5E00E6F216 /* gradeModel.m */ = {isa = PBXFileReference; fileEncoding = 4; lastKnownFileType = sourcecode.c.objc; path = gradeModel.m; sourceTree = "<group>"; };
		CF1EC7D31CC8B1B700D7977F /* AppDelegate.h */ = {isa = PBXFileReference; fileEncoding = 4; lastKnownFileType = sourcecode.c.h; name = AppDelegate.h; path = ../AppDelegate.h; sourceTree = "<group>"; };
		CF1EC7D41CC8B1B700D7977F /* AppDelegate.m */ = {isa = PBXFileReference; fileEncoding = 4; lastKnownFileType = sourcecode.c.objc; name = AppDelegate.m; path = ../AppDelegate.m; sourceTree = "<group>"; };
		CF845F4A1CD2153600C8E070 /* PuzzleItemCtrlModel.h */ = {isa = PBXFileReference; fileEncoding = 4; lastKnownFileType = sourcecode.c.h; path = PuzzleItemCtrlModel.h; sourceTree = "<group>"; };
		CF845F4B1CD2153600C8E070 /* PuzzleItemCtrlModel.m */ = {isa = PBXFileReference; fileEncoding = 4; lastKnownFileType = sourcecode.c.objc; path = PuzzleItemCtrlModel.m; sourceTree = "<group>"; };
		CF845F541CD231C200C8E070 /* MJExtension.h */ = {isa = PBXFileReference; fileEncoding = 4; lastKnownFileType = sourcecode.c.h; path = MJExtension.h; sourceTree = "<group>"; };
		CF845F551CD231C200C8E070 /* MJExtensionConst.h */ = {isa = PBXFileReference; fileEncoding = 4; lastKnownFileType = sourcecode.c.h; path = MJExtensionConst.h; sourceTree = "<group>"; };
		CF845F561CD231C200C8E070 /* MJExtensionConst.m */ = {isa = PBXFileReference; fileEncoding = 4; lastKnownFileType = sourcecode.c.objc; path = MJExtensionConst.m; sourceTree = "<group>"; };
		CF845F571CD231C200C8E070 /* MJFoundation.h */ = {isa = PBXFileReference; fileEncoding = 4; lastKnownFileType = sourcecode.c.h; path = MJFoundation.h; sourceTree = "<group>"; };
		CF845F581CD231C200C8E070 /* MJFoundation.m */ = {isa = PBXFileReference; fileEncoding = 4; lastKnownFileType = sourcecode.c.objc; path = MJFoundation.m; sourceTree = "<group>"; };
		CF845F591CD231C200C8E070 /* MJProperty.h */ = {isa = PBXFileReference; fileEncoding = 4; lastKnownFileType = sourcecode.c.h; path = MJProperty.h; sourceTree = "<group>"; };
		CF845F5A1CD231C200C8E070 /* MJProperty.m */ = {isa = PBXFileReference; fileEncoding = 4; lastKnownFileType = sourcecode.c.objc; path = MJProperty.m; sourceTree = "<group>"; };
		CF845F5B1CD231C200C8E070 /* MJPropertyKey.h */ = {isa = PBXFileReference; fileEncoding = 4; lastKnownFileType = sourcecode.c.h; path = MJPropertyKey.h; sourceTree = "<group>"; };
		CF845F5C1CD231C200C8E070 /* MJPropertyKey.m */ = {isa = PBXFileReference; fileEncoding = 4; lastKnownFileType = sourcecode.c.objc; path = MJPropertyKey.m; sourceTree = "<group>"; };
		CF845F5D1CD231C200C8E070 /* MJPropertyType.h */ = {isa = PBXFileReference; fileEncoding = 4; lastKnownFileType = sourcecode.c.h; path = MJPropertyType.h; sourceTree = "<group>"; };
		CF845F5E1CD231C200C8E070 /* MJPropertyType.m */ = {isa = PBXFileReference; fileEncoding = 4; lastKnownFileType = sourcecode.c.objc; path = MJPropertyType.m; sourceTree = "<group>"; };
		CF845F5F1CD231C200C8E070 /* NSObject+MJClass.h */ = {isa = PBXFileReference; fileEncoding = 4; lastKnownFileType = sourcecode.c.h; path = "NSObject+MJClass.h"; sourceTree = "<group>"; };
		CF845F601CD231C200C8E070 /* NSObject+MJClass.m */ = {isa = PBXFileReference; fileEncoding = 4; lastKnownFileType = sourcecode.c.objc; path = "NSObject+MJClass.m"; sourceTree = "<group>"; };
		CF845F611CD231C200C8E070 /* NSObject+MJCoding.h */ = {isa = PBXFileReference; fileEncoding = 4; lastKnownFileType = sourcecode.c.h; path = "NSObject+MJCoding.h"; sourceTree = "<group>"; };
		CF845F621CD231C200C8E070 /* NSObject+MJCoding.m */ = {isa = PBXFileReference; fileEncoding = 4; lastKnownFileType = sourcecode.c.objc; path = "NSObject+MJCoding.m"; sourceTree = "<group>"; };
		CF845F631CD231C200C8E070 /* NSObject+MJKeyValue.h */ = {isa = PBXFileReference; fileEncoding = 4; lastKnownFileType = sourcecode.c.h; path = "NSObject+MJKeyValue.h"; sourceTree = "<group>"; };
		CF845F641CD231C200C8E070 /* NSObject+MJKeyValue.m */ = {isa = PBXFileReference; fileEncoding = 4; lastKnownFileType = sourcecode.c.objc; path = "NSObject+MJKeyValue.m"; sourceTree = "<group>"; };
		CF845F651CD231C200C8E070 /* NSObject+MJProperty.h */ = {isa = PBXFileReference; fileEncoding = 4; lastKnownFileType = sourcecode.c.h; path = "NSObject+MJProperty.h"; sourceTree = "<group>"; };
		CF845F661CD231C200C8E070 /* NSObject+MJProperty.m */ = {isa = PBXFileReference; fileEncoding = 4; lastKnownFileType = sourcecode.c.objc; path = "NSObject+MJProperty.m"; sourceTree = "<group>"; };
		CF845F671CD231C200C8E070 /* NSString+MJExtension.h */ = {isa = PBXFileReference; fileEncoding = 4; lastKnownFileType = sourcecode.c.h; path = "NSString+MJExtension.h"; sourceTree = "<group>"; };
		CF845F681CD231C200C8E070 /* NSString+MJExtension.m */ = {isa = PBXFileReference; fileEncoding = 4; lastKnownFileType = sourcecode.c.objc; path = "NSString+MJExtension.m"; sourceTree = "<group>"; };
		CFA290CF1CBFB06C00F1A1BE /* gradeViewController.h */ = {isa = PBXFileReference; fileEncoding = 4; lastKnownFileType = sourcecode.c.h; path = gradeViewController.h; sourceTree = "<group>"; };
		CFA290D01CBFB06C00F1A1BE /* gradeViewController.m */ = {isa = PBXFileReference; fileEncoding = 4; lastKnownFileType = sourcecode.c.objc; path = gradeViewController.m; sourceTree = "<group>"; };
		CFA7042A1CD31E6F00B08403 /* PuzzleTools.h */ = {isa = PBXFileReference; fileEncoding = 4; lastKnownFileType = sourcecode.c.h; name = PuzzleTools.h; path = "智能拼图/PuzzleTools.h"; sourceTree = "<group>"; };
		CFA7042B1CD31E6F00B08403 /* PuzzleTools.m */ = {isa = PBXFileReference; fileEncoding = 4; lastKnownFileType = sourcecode.c.objc; name = PuzzleTools.m; path = "智能拼图/PuzzleTools.m"; sourceTree = "<group>"; };
/* End PBXFileReference section */

/* Begin PBXFrameworksBuildPhase section */
		45C13B361BA9B39E00F53D22 /* Frameworks */ = {
			isa = PBXFrameworksBuildPhase;
			buildActionMask = 2147483647;
			files = (
			);
			runOnlyForDeploymentPostprocessing = 0;
		};
		45C13B4F1BA9B39E00F53D22 /* Frameworks */ = {
			isa = PBXFrameworksBuildPhase;
			buildActionMask = 2147483647;
			files = (
			);
			runOnlyForDeploymentPostprocessing = 0;
		};
/* End PBXFrameworksBuildPhase section */

/* Begin PBXGroup section */
		45C13B301BA9B39E00F53D22 = {
			isa = PBXGroup;
			children = (
				45C13B3B1BA9B39E00F53D22 /* 智能拼图 */,
				45C13B551BA9B39E00F53D22 /* 智能拼图Tests */,
				45C13B3A1BA9B39E00F53D22 /* Products */,
			);
			sourceTree = "<group>";
		};
		45C13B3A1BA9B39E00F53D22 /* Products */ = {
			isa = PBXGroup;
			children = (
				45C13B391BA9B39E00F53D22 /* 智能拼图.app */,
				45C13B521BA9B39E00F53D22 /* 智能拼图Tests.xctest */,
			);
			name = Products;
			sourceTree = "<group>";
		};
		45C13B3B1BA9B39E00F53D22 /* 智能拼图 */ = {
			isa = PBXGroup;
			children = (
				CF88D9721CD6627F0084886B /* Other */,
				CF1C2CAA1C942B5D00E6F216 /* Model */,
				CF1C2CA91C942B4000E6F216 /* View */,
				CF1C2CA81C942B2900E6F216 /* controller */,
				45C13B3C1BA9B39E00F53D22 /* Supporting Files */,
			);
			path = "智能拼图";
			sourceTree = "<group>";
		};
		45C13B3C1BA9B39E00F53D22 /* Supporting Files */ = {
			isa = PBXGroup;
			children = (
				45C13B3D1BA9B39E00F53D22 /* Info.plist */,
				45C13B3E1BA9B39E00F53D22 /* main.m */,
			);
			name = "Supporting Files";
			sourceTree = "<group>";
		};
		45C13B551BA9B39E00F53D22 /* 智能拼图Tests */ = {
			isa = PBXGroup;
			children = (
				45C13B581BA9B39E00F53D22 /* ____Tests.m */,
				45C13B561BA9B39E00F53D22 /* Supporting Files */,
			);
			path = "智能拼图Tests";
			sourceTree = "<group>";
		};
		45C13B561BA9B39E00F53D22 /* Supporting Files */ = {
			isa = PBXGroup;
			children = (
				45C13B571BA9B39E00F53D22 /* Info.plist */,
			);
			name = "Supporting Files";
			sourceTree = "<group>";
		};
		CF1C2CA81C942B2900E6F216 /* controller */ = {
			isa = PBXGroup;
			children = (
				45C13B431BA9B39E00F53D22 /* MainViewController.h */,
				45C13B441BA9B39E00F53D22 /* MainViewController.m */,
				CFA290CF1CBFB06C00F1A1BE /* gradeViewController.h */,
				CFA290D01CBFB06C00F1A1BE /* gradeViewController.m */,
			);
			name = controller;
			sourceTree = "<group>";
		};
		CF1C2CA91C942B4000E6F216 /* View */ = {
			isa = PBXGroup;
			children = (
				45C13B461BA9B39E00F53D22 /* Main.storyboard */,
				452A54971BAA4D8800C019F1 /* PuzzleBlockItem.h */,
				452A54981BAA4D8800C019F1 /* PuzzleBlockItem.m */,
				CF845F4A1CD2153600C8E070 /* PuzzleItemCtrlModel.h */,
				CF845F4B1CD2153600C8E070 /* PuzzleItemCtrlModel.m */,
			);
			name = View;
			sourceTree = "<group>";
		};
		CF1C2CAA1C942B5D00E6F216 /* Model */ = {
			isa = PBXGroup;
			children = (
				CF1C2CB21C942C5E00E6F216 /* gradeModel.h */,
				CF1C2CB31C942C5E00E6F216 /* gradeModel.m */,
			);
			name = Model;
			sourceTree = "<group>";
		};
		CF845F531CD231C200C8E070 /* MJExtension */ = {
			isa = PBXGroup;
			children = (
				CF1EC7D31CC8B1B700D7977F /* AppDelegate.h */,
				CF1EC7D41CC8B1B700D7977F /* AppDelegate.m */,
				CF845F541CD231C200C8E070 /* MJExtension.h */,
				CF845F551CD231C200C8E070 /* MJExtensionConst.h */,
				CF845F561CD231C200C8E070 /* MJExtensionConst.m */,
				CF845F571CD231C200C8E070 /* MJFoundation.h */,
				CF845F581CD231C200C8E070 /* MJFoundation.m */,
				CF845F591CD231C200C8E070 /* MJProperty.h */,
				CF845F5A1CD231C200C8E070 /* MJProperty.m */,
				CF845F5B1CD231C200C8E070 /* MJPropertyKey.h */,
				CF845F5C1CD231C200C8E070 /* MJPropertyKey.m */,
				CF845F5D1CD231C200C8E070 /* MJPropertyType.h */,
				CF845F5E1CD231C200C8E070 /* MJPropertyType.m */,
				CF845F5F1CD231C200C8E070 /* NSObject+MJClass.h */,
				CF845F601CD231C200C8E070 /* NSObject+MJClass.m */,
				CF845F611CD231C200C8E070 /* NSObject+MJCoding.h */,
				CF845F621CD231C200C8E070 /* NSObject+MJCoding.m */,
				CF845F631CD231C200C8E070 /* NSObject+MJKeyValue.h */,
				CF845F641CD231C200C8E070 /* NSObject+MJKeyValue.m */,
				CF845F651CD231C200C8E070 /* NSObject+MJProperty.h */,
				CF845F661CD231C200C8E070 /* NSObject+MJProperty.m */,
				CF845F671CD231C200C8E070 /* NSString+MJExtension.h */,
				CF845F681CD231C200C8E070 /* NSString+MJExtension.m */,
			);
			name = MJExtension;
			path = "智能拼图/MJExtension";
			sourceTree = "<group>";
		};
		CF88D9721CD6627F0084886B /* Other */ = {
			isa = PBXGroup;
			children = (
				CFA7042A1CD31E6F00B08403 /* PuzzleTools.h */,
				CFA7042B1CD31E6F00B08403 /* PuzzleTools.m */,
				CF845F531CD231C200C8E070 /* MJExtension */,
			);
			name = Other;
			path = ..;
			sourceTree = "<group>";
		};
/* End PBXGroup section */

/* Begin PBXNativeTarget section */
		45C13B381BA9B39E00F53D22 /* 智能拼图 */ = {
			isa = PBXNativeTarget;
			buildConfigurationList = 45C13B5C1BA9B39E00F53D22 /* Build configuration list for PBXNativeTarget "智能拼图" */;
			buildPhases = (
				45C13B351BA9B39E00F53D22 /* Sources */,
				45C13B361BA9B39E00F53D22 /* Frameworks */,
				45C13B371BA9B39E00F53D22 /* Resources */,
			);
			buildRules = (
			);
			dependencies = (
			);
			name = "智能拼图";
			productName = "智能拼图";
			productReference = 45C13B391BA9B39E00F53D22 /* 智能拼图.app */;
			productType = "com.apple.product-type.application";
		};
		45C13B511BA9B39E00F53D22 /* 智能拼图Tests */ = {
			isa = PBXNativeTarget;
			buildConfigurationList = 45C13B5F1BA9B39E00F53D22 /* Build configuration list for PBXNativeTarget "智能拼图Tests" */;
			buildPhases = (
				45C13B4E1BA9B39E00F53D22 /* Sources */,
				45C13B4F1BA9B39E00F53D22 /* Frameworks */,
				45C13B501BA9B39E00F53D22 /* Resources */,
			);
			buildRules = (
			);
			dependencies = (
				45C13B541BA9B39E00F53D22 /* PBXTargetDependency */,
			);
			name = "智能拼图Tests";
			productName = "智能拼图Tests";
			productReference = 45C13B521BA9B39E00F53D22 /* 智能拼图Tests.xctest */;
			productType = "com.apple.product-type.bundle.unit-test";
		};
/* End PBXNativeTarget section */

/* Begin PBXProject section */
		45C13B311BA9B39E00F53D22 /* Project object */ = {
			isa = PBXProject;
			attributes = {
				LastUpgradeCheck = 0720;
				ORGANIZATIONNAME = xiaobai;
				TargetAttributes = {
					45C13B381BA9B39E00F53D22 = {
						CreatedOnToolsVersion = 6.2;
					};
					45C13B511BA9B39E00F53D22 = {
						CreatedOnToolsVersion = 6.2;
						TestTargetID = 45C13B381BA9B39E00F53D22;
					};
				};
			};
			buildConfigurationList = 45C13B341BA9B39E00F53D22 /* Build configuration list for PBXProject "智能拼图" */;
			compatibilityVersion = "Xcode 3.2";
			developmentRegion = English;
			hasScannedForEncodings = 0;
			knownRegions = (
				en,
				Base,
			);
			mainGroup = 45C13B301BA9B39E00F53D22;
			productRefGroup = 45C13B3A1BA9B39E00F53D22 /* Products */;
			projectDirPath = "";
			projectRoot = "";
			targets = (
				45C13B381BA9B39E00F53D22 /* 智能拼图 */,
				45C13B511BA9B39E00F53D22 /* 智能拼图Tests */,
			);
		};
/* End PBXProject section */

/* Begin PBXResourcesBuildPhase section */
		45C13B371BA9B39E00F53D22 /* Resources */ = {
			isa = PBXResourcesBuildPhase;
			buildActionMask = 2147483647;
			files = (
				45C13B481BA9B39E00F53D22 /* Main.storyboard in Resources */,
			);
			runOnlyForDeploymentPostprocessing = 0;
		};
		45C13B501BA9B39E00F53D22 /* Resources */ = {
			isa = PBXResourcesBuildPhase;
			buildActionMask = 2147483647;
			files = (
			);
			runOnlyForDeploymentPostprocessing = 0;
		};
/* End PBXResourcesBuildPhase section */

/* Begin PBXSourcesBuildPhase section */
		45C13B351BA9B39E00F53D22 /* Sources */ = {
			isa = PBXSourcesBuildPhase;
			buildActionMask = 2147483647;
			files = (
				CF845F6F1CD231C200C8E070 /* NSObject+MJCoding.m in Sources */,
				CF845F691CD231C200C8E070 /* MJExtensionConst.m in Sources */,
				CF845F6E1CD231C200C8E070 /* NSObject+MJClass.m in Sources */,
				CFA7042C1CD31E6F00B08403 /* PuzzleTools.m in Sources */,
				CF845F6C1CD231C200C8E070 /* MJPropertyKey.m in Sources */,
				452A54991BAA4D8800C019F1 /* PuzzleBlockItem.m in Sources */,
				45C13B451BA9B39E00F53D22 /* MainViewController.m in Sources */,
				CF845F6B1CD231C200C8E070 /* MJProperty.m in Sources */,
				CF845F6A1CD231C200C8E070 /* MJFoundation.m in Sources */,
				CF1EC7D51CC8B1B700D7977F /* AppDelegate.m in Sources */,
				CF1C2CB41C942C5E00E6F216 /* gradeModel.m in Sources */,
				45C13B3F1BA9B39E00F53D22 /* main.m in Sources */,
				CF845F6D1CD231C200C8E070 /* MJPropertyType.m in Sources */,
				CF845F4C1CD2153600C8E070 /* PuzzleItemCtrlModel.m in Sources */,
				CF845F701CD231C200C8E070 /* NSObject+MJKeyValue.m in Sources */,
				CF845F721CD231C200C8E070 /* NSString+MJExtension.m in Sources */,
				CFA290D11CBFB06C00F1A1BE /* gradeViewController.m in Sources */,
				CF845F711CD231C200C8E070 /* NSObject+MJProperty.m in Sources */,
			);
			runOnlyForDeploymentPostprocessing = 0;
		};
		45C13B4E1BA9B39E00F53D22 /* Sources */ = {
			isa = PBXSourcesBuildPhase;
			buildActionMask = 2147483647;
			files = (
				45C13B591BA9B39E00F53D22 /* ____Tests.m in Sources */,
			);
			runOnlyForDeploymentPostprocessing = 0;
		};
/* End PBXSourcesBuildPhase section */

/* Begin PBXTargetDependency section */
		45C13B541BA9B39E00F53D22 /* PBXTargetDependency */ = {
			isa = PBXTargetDependency;
			target = 45C13B381BA9B39E00F53D22 /* 智能拼图 */;
			targetProxy = 45C13B531BA9B39E00F53D22 /* PBXContainerItemProxy */;
		};
/* End PBXTargetDependency section */

/* Begin PBXVariantGroup section */
		45C13B461BA9B39E00F53D22 /* Main.storyboard */ = {
			isa = PBXVariantGroup;
			children = (
				45C13B471BA9B39E00F53D22 /* Base */,
			);
			name = Main.storyboard;
			sourceTree = "<group>";
		};
/* End PBXVariantGroup section */

/* Begin XCBuildConfiguration section */
		45C13B5A1BA9B39E00F53D22 /* Debug */ = {
			isa = XCBuildConfiguration;
			buildSettings = {
				ALWAYS_SEARCH_USER_PATHS = NO;
				CLANG_CXX_LANGUAGE_STANDARD = "gnu++0x";
				CLANG_CXX_LIBRARY = "libc++";
				CLANG_ENABLE_MODULES = YES;
				CLANG_ENABLE_OBJC_ARC = YES;
				CLANG_WARN_BOOL_CONVERSION = YES;
				CLANG_WARN_CONSTANT_CONVERSION = YES;
				CLANG_WARN_DIRECT_OBJC_ISA_USAGE = YES_ERROR;
				CLANG_WARN_EMPTY_BODY = YES;
				CLANG_WARN_ENUM_CONVERSION = YES;
				CLANG_WARN_INT_CONVERSION = YES;
				CLANG_WARN_OBJC_ROOT_CLASS = YES_ERROR;
				CLANG_WARN_UNREACHABLE_CODE = YES;
				CLANG_WARN__DUPLICATE_METHOD_MATCH = YES;
				"CODE_SIGN_IDENTITY[sdk=iphoneos*]" = "iPhone Developer";
				COPY_PHASE_STRIP = NO;
				ENABLE_STRICT_OBJC_MSGSEND = YES;
				ENABLE_TESTABILITY = YES;
				GCC_C_LANGUAGE_STANDARD = gnu99;
				GCC_DYNAMIC_NO_PIC = NO;
				GCC_OPTIMIZATION_LEVEL = 0;
				GCC_PREPROCESSOR_DEFINITIONS = (
					"DEBUG=1",
					"$(inherited)",
				);
				GCC_SYMBOLS_PRIVATE_EXTERN = NO;
				GCC_WARN_64_TO_32_BIT_CONVERSION = YES;
				GCC_WARN_ABOUT_RETURN_TYPE = YES_ERROR;
				GCC_WARN_UNDECLARED_SELECTOR = YES;
				GCC_WARN_UNINITIALIZED_AUTOS = YES_AGGRESSIVE;
				GCC_WARN_UNUSED_FUNCTION = YES;
				GCC_WARN_UNUSED_VARIABLE = YES;
				IPHONEOS_DEPLOYMENT_TARGET = 8.2;
				MTL_ENABLE_DEBUG_INFO = YES;
				ONLY_ACTIVE_ARCH = YES;
				SDKROOT = iphoneos;
			};
			name = Debug;
		};
		45C13B5B1BA9B39E00F53D22 /* Release */ = {
			isa = XCBuildConfiguration;
			buildSettings = {
				ALWAYS_SEARCH_USER_PATHS = NO;
				CLANG_CXX_LANGUAGE_STANDARD = "gnu++0x";
				CLANG_CXX_LIBRARY = "libc++";
				CLANG_ENABLE_MODULES = YES;
				CLANG_ENABLE_OBJC_ARC = YES;
				CLANG_WARN_BOOL_CONVERSION = YES;
				CLANG_WARN_CONSTANT_CONVERSION = YES;
				CLANG_WARN_DIRECT_OBJC_ISA_USAGE = YES_ERROR;
				CLANG_WARN_EMPTY_BODY = YES;
				CLANG_WARN_ENUM_CONVERSION = YES;
				CLANG_WARN_INT_CONVERSION = YES;
				CLANG_WARN_OBJC_ROOT_CLASS = YES_ERROR;
				CLANG_WARN_UNREACHABLE_CODE = YES;
				CLANG_WARN__DUPLICATE_METHOD_MATCH = YES;
				"CODE_SIGN_IDENTITY[sdk=iphoneos*]" = "iPhone Developer";
				COPY_PHASE_STRIP = NO;
				ENABLE_NS_ASSERTIONS = NO;
				ENABLE_STRICT_OBJC_MSGSEND = YES;
				GCC_C_LANGUAGE_STANDARD = gnu99;
				GCC_WARN_64_TO_32_BIT_CONVERSION = YES;
				GCC_WARN_ABOUT_RETURN_TYPE = YES_ERROR;
				GCC_WARN_UNDECLARED_SELECTOR = YES;
				GCC_WARN_UNINITIALIZED_AUTOS = YES_AGGRESSIVE;
				GCC_WARN_UNUSED_FUNCTION = YES;
				GCC_WARN_UNUSED_VARIABLE = YES;
				IPHONEOS_DEPLOYMENT_TARGET = 8.2;
				MTL_ENABLE_DEBUG_INFO = NO;
				SDKROOT = iphoneos;
				VALIDATE_PRODUCT = YES;
			};
			name = Release;
		};
		45C13B5D1BA9B39E00F53D22 /* Debug */ = {
			isa = XCBuildConfiguration;
			buildSettings = {
				ASSETCATALOG_COMPILER_APPICON_NAME = AppIcon;
				INFOPLIST_FILE = "智能拼图/Info.plist";
				LD_RUNPATH_SEARCH_PATHS = "$(inherited) @executable_path/Frameworks";
				PRODUCT_BUNDLE_IDENTIFIER = "com.xiaobaiyige.$(PRODUCT_NAME:rfc1034identifier)";
				PRODUCT_NAME = "$(TARGET_NAME)";
			};
			name = Debug;
		};
		45C13B5E1BA9B39E00F53D22 /* Release */ = {
			isa = XCBuildConfiguration;
			buildSettings = {
				ASSETCATALOG_COMPILER_APPICON_NAME = AppIcon;
				INFOPLIST_FILE = "智能拼图/Info.plist";
				LD_RUNPATH_SEARCH_PATHS = "$(inherited) @executable_path/Frameworks";
				PRODUCT_BUNDLE_IDENTIFIER = "com.xiaobaiyige.$(PRODUCT_NAME:rfc1034identifier)";
				PRODUCT_NAME = "$(TARGET_NAME)";
			};
			name = Release;
		};
		45C13B601BA9B39E00F53D22 /* Debug */ = {
			isa = XCBuildConfiguration;
			buildSettings = {
				BUNDLE_LOADER = "$(TEST_HOST)";
				FRAMEWORK_SEARCH_PATHS = (
					"$(SDKROOT)/Developer/Library/Frameworks",
					"$(inherited)",
				);
				GCC_PREPROCESSOR_DEFINITIONS = (
					"DEBUG=1",
					"$(inherited)",
				);
				INFOPLIST_FILE = "智能拼图Tests/Info.plist";
				LD_RUNPATH_SEARCH_PATHS = "$(inherited) @executable_path/Frameworks @loader_path/Frameworks";
				PRODUCT_BUNDLE_IDENTIFIER = "com.xiaobaiyige.$(PRODUCT_NAME:rfc1034identifier)";
				PRODUCT_NAME = "$(TARGET_NAME)";
				TEST_HOST = "$(BUILT_PRODUCTS_DIR)/智能拼图.app/智能拼图";
			};
			name = Debug;
		};
		45C13B611BA9B39E00F53D22 /* Release */ = {
			isa = XCBuildConfiguration;
			buildSettings = {
				BUNDLE_LOADER = "$(TEST_HOST)";
				FRAMEWORK_SEARCH_PATHS = (
					"$(SDKROOT)/Developer/Library/Frameworks",
					"$(inherited)",
				);
				INFOPLIST_FILE = "智能拼图Tests/Info.plist";
				LD_RUNPATH_SEARCH_PATHS = "$(inherited) @executable_path/Frameworks @loader_path/Frameworks";
				PRODUCT_BUNDLE_IDENTIFIER = "com.xiaobaiyige.$(PRODUCT_NAME:rfc1034identifier)";
				PRODUCT_NAME = "$(TARGET_NAME)";
				TEST_HOST = "$(BUILT_PRODUCTS_DIR)/智能拼图.app/智能拼图";
			};
			name = Release;
		};
/* End XCBuildConfiguration section */

/* Begin XCConfigurationList section */
		45C13B341BA9B39E00F53D22 /* Build configuration list for PBXProject "智能拼图" */ = {
			isa = XCConfigurationList;
			buildConfigurations = (
				45C13B5A1BA9B39E00F53D22 /* Debug */,
				45C13B5B1BA9B39E00F53D22 /* Release */,
			);
			defaultConfigurationIsVisible = 0;
			defaultConfigurationName = Release;
		};
		45C13B5C1BA9B39E00F53D22 /* Build configuration list for PBXNativeTarget "智能拼图" */ = {
			isa = XCConfigurationList;
			buildConfigurations = (
				45C13B5D1BA9B39E00F53D22 /* Debug */,
				45C13B5E1BA9B39E00F53D22 /* Release */,
			);
			defaultConfigurationIsVisible = 0;
			defaultConfigurationName = Release;
		};
		45C13B5F1BA9B39E00F53D22 /* Build configuration list for PBXNativeTarget "智能拼图Tests" */ = {
			isa = XCConfigurationList;
			buildConfigurations = (
				45C13B601BA9B39E00F53D22 /* Debug */,
				45C13B611BA9B39E00F53D22 /* Release */,
			);
			defaultConfigurationIsVisible = 0;
			defaultConfigurationName = Release;
		};
/* End XCConfigurationList section */
	};
	rootObject = 45C13B311BA9B39E00F53D22 /* Project object */;
}
